
Microsoft Visual Studio Solution File, Format Version 12.00
# Visual Studio Version 17
VisualStudioVersion = 17.5.002.0
MinimumVisualStudioVersion = 10.0.40219.1
Project("{9A19103F-16F7-4668-BE54-9A1E7A4F7556}") = "Lession04", "Lession04.csproj", "{DE7EFB50-B71F-45ED-9CF1-7BB19AF969AD}"
EndProject
Global
	GlobalSection(SolutionConfigurationPlatforms) = preSolution
		Debug|Any CPU = Debug|Any CPU
		Release|Any CPU = Release|Any CPU
	EndGlobalSection
	GlobalSection(ProjectConfigurationPlatforms) = postSolution
		{DE7EFB50-B71F-45ED-9CF1-7BB19AF969AD}.Debug|Any CPU.ActiveCfg = Debug|Any CPU
		{DE7EFB50-B71F-45ED-9CF1-7BB19AF969AD}.Debug|Any CPU.Build.0 = Debug|Any CPU
		{DE7EFB50-B71F-45ED-9CF1-7BB19AF969AD}.Release|Any CPU.ActiveCfg = Release|Any CPU
		{DE7EFB50-B71F-45ED-9CF1-7BB19AF969AD}.Release|Any CPU.Build.0 = Release|Any CPU
	EndGlobalSection
	GlobalSection(SolutionProperties) = preSolution
		HideSolutionNode = FALSE
	EndGlobalSection
	GlobalSection(ExtensibilityGlobals) = postSolution
		SolutionGuid = {D74556E0-BE89-4370-8690-7656E91D9628}
	EndGlobalSection
EndGlobal
